
Microsoft Visual Studio Solution File, Format Version 12.00
# Visual Studio Version 16
VisualStudioVersion = 16.0.30114.105
MinimumVisualStudioVersion = 10.0.40219.1
Project("{9A19103F-16F7-4668-BE54-9A1E7A4F7556}") = "AspNetDistributedCaching", "AspNetDistributedCaching.csproj", "{C58D0037-750F-4450-94DC-B971A1FD204F}"
EndProject
Global
	GlobalSection(SolutionConfigurationPlatforms) = preSolution
		Debug|Any CPU = Debug|Any CPU
		Release|Any CPU = Release|Any CPU
	EndGlobalSection
	GlobalSection(ProjectConfigurationPlatforms) = postSolution
		{C58D0037-750F-4450-94DC-B971A1FD204F}.Debug|Any CPU.ActiveCfg = Debug|Any CPU
		{C58D0037-750F-4450-94DC-B971A1FD204F}.Debug|Any CPU.Build.0 = Debug|Any CPU
		{C58D0037-750F-4450-94DC-B971A1FD204F}.Release|Any CPU.ActiveCfg = Release|Any CPU
		{C58D0037-750F-4450-94DC-B971A1FD204F}.Release|Any CPU.Build.0 = Release|Any CPU
	EndGlobalSection
	GlobalSection(SolutionProperties) = preSolution
		HideSolutionNode = FALSE
	EndGlobalSection
	GlobalSection(ExtensibilityGlobals) = postSolution
		SolutionGuid = {C663D5C2-0CFC-4F68-A004-3C54AEB6FDF2}
	EndGlobalSection
EndGlobal
